// !$*UTF8*$!
{
	archiveVersion = 1;
	classes = {
	};
	objectVersion = 46;
	objects = {

/* Begin PBXBuildFile section */
		1B55AD9021D4D68B0087A1E0 /* DemoProg.mix in Resources */ = {isa = PBXBuildFile; fileRef = 1B55AD8F21D4D68B0087A1E0 /* DemoProg.mix */; };
		1B55AD9521D8D5370087A1E0 /* MixSeqFileTest.m in Sources */ = {isa = PBXBuildFile; fileRef = 1B55AD9421D8D5370087A1E0 /* MixSeqFileTest.m */; };
		1B79434A1A8F375400197FF3 /* AppDelegate.m in Sources */ = {isa = PBXBuildFile; fileRef = 1B7943491A8F375400197FF3 /* AppDelegate.m */; };
		1B79434C1A8F375400197FF3 /* main.m in Sources */ = {isa = PBXBuildFile; fileRef = 1B79434B1A8F375400197FF3 /* main.m */; };
		1B79434F1A8F375400197FF3 /* Document.m in Sources */ = {isa = PBXBuildFile; fileRef = 1B79434E1A8F375400197FF3 /* Document.m */; };
		1B7943521A8F375400197FF3 /* Document.xib in Resources */ = {isa = PBXBuildFile; fileRef = 1B7943501A8F375400197FF3 /* Document.xib */; };
		1B7943541A8F375400197FF3 /* Images.xcassets in Resources */ = {isa = PBXBuildFile; fileRef = 1B7943531A8F375400197FF3 /* Images.xcassets */; };
		1B7943571A8F375400197FF3 /* MainMenu.xib in Resources */ = {isa = PBXBuildFile; fileRef = 1B7943551A8F375400197FF3 /* MainMenu.xib */; };
		1B7943631A8F375400197FF3 /* LoadStoreCommandCPUTests.m in Sources */ = {isa = PBXBuildFile; fileRef = 1B7943621A8F375400197FF3 /* LoadStoreCommandCPUTests.m */; };
		1B79436F1A8F379A00197FF3 /* MIXCPU.m in Sources */ = {isa = PBXBuildFile; fileRef = 1B79436E1A8F379A00197FF3 /* MIXCPU.m */; };
		1B7943731A8F3BA400197FF3 /* Preferences.m in Sources */ = {isa = PBXBuildFile; fileRef = 1B7943721A8F3BA400197FF3 /* Preferences.m */; };
		1B79437B1A8F691A00197FF3 /* MixCommands.m in Sources */ = {isa = PBXBuildFile; fileRef = 1B79437A1A8F691A00197FF3 /* MixCommands.m */; };
		1BCC3ED81A8F8BA90010C4F6 /* Localizable.strings in Resources */ = {isa = PBXBuildFile; fileRef = 1BCC3ED71A8F8BA90010C4F6 /* Localizable.strings */; };
		1BE9D4CF1A9E008800CB5187 /* CompareTests.m in Sources */ = {isa = PBXBuildFile; fileRef = 1BE9D4CE1A9E008800CB5187 /* CompareTests.m */; };
		1BE9D4D11A9E31E200CB5187 /* JumpTests.m in Sources */ = {isa = PBXBuildFile; fileRef = 1BE9D4D01A9E31E200CB5187 /* JumpTests.m */; };
		1BE9D4D41AA4419200CB5187 /* testShiftOperations.m in Sources */ = {isa = PBXBuildFile; fileRef = 1BE9D4D31AA4419200CB5187 /* testShiftOperations.m */; };
		1BE9D5031AA4A7D400CB5187 /* moveTest.m in Sources */ = {isa = PBXBuildFile; fileRef = 1BE9D5021AA4A7D400CB5187 /* moveTest.m */; };
		1BE9D5341AA61D5500CB5187 /* MIXFileCollection.m in Sources */ = {isa = PBXBuildFile; fileRef = 1BE9D5331AA61D5500CB5187 /* MIXFileCollection.m */; };
		1BEF64621A96343A0039EBBE /* MIXTest.m in Sources */ = {isa = PBXBuildFile; fileRef = 1BEF64611A96343A0039EBBE /* MIXTest.m */; };
		1BEF64651A96366A0039EBBE /* ArithmeticTests.m in Sources */ = {isa = PBXBuildFile; fileRef = 1BEF64641A96366A0039EBBE /* ArithmeticTests.m */; };
		1BEF64671A99F7F50039EBBE /* EntFamilyTest.m in Sources */ = {isa = PBXBuildFile; fileRef = 1BEF64661A99F7F50039EBBE /* EntFamilyTest.m */; };
		321C3FCC21E795770031343A /* MixMac.xcdatamodeld in Sources */ = {isa = PBXBuildFile; fileRef = 321C3FCA21E795770031343A /* MixMac.xcdatamodeld */; };
		321C3FD021E796060031343A /* DAO.m in Sources */ = {isa = PBXBuildFile; fileRef = 321C3FCE21E796060031343A /* DAO.m */; };
		321C3FE221E7A8490031343A /* MLine+CoreDataClass.m in Sources */ = {isa = PBXBuildFile; fileRef = 321C3FDC21E7A8490031343A /* MLine+CoreDataClass.m */; };
		321C3FE321E7A8490031343A /* MLine+CoreDataProperties.m in Sources */ = {isa = PBXBuildFile; fileRef = 321C3FDD21E7A8490031343A /* MLine+CoreDataProperties.m */; };
		321C3FE421E7A8490031343A /* MFiles+CoreDataClass.m in Sources */ = {isa = PBXBuildFile; fileRef = 321C3FE021E7A8490031343A /* MFiles+CoreDataClass.m */; };
		321C3FE521E7A8490031343A /* MFiles+CoreDataProperties.m in Sources */ = {isa = PBXBuildFile; fileRef = 321C3FE121E7A8490031343A /* MFiles+CoreDataProperties.m */; };
		325DDB1121E4AC1800D3E329 /* NSAttributedString+Theme.m in Sources */ = {isa = PBXBuildFile; fileRef = 325DDB1021E4AC1800D3E329 /* NSAttributedString+Theme.m */; };
		325DDB1621E4AE7800D3E329 /* NSFont+Theme.m in Sources */ = {isa = PBXBuildFile; fileRef = 325DDB1221E4AE7700D3E329 /* NSFont+Theme.m */; };
		325DDB1721E4AE7800D3E329 /* NSColor+Theme.m in Sources */ = {isa = PBXBuildFile; fileRef = 325DDB1321E4AE7700D3E329 /* NSColor+Theme.m */; };
		325DDB1A21E4B74600D3E329 /* Theme.m in Sources */ = {isa = PBXBuildFile; fileRef = 325DDB1921E4B74600D3E329 /* Theme.m */; };
		329F1C8F21DF61CF00932DB5 /* exampledefault.mixal in Resources */ = {isa = PBXBuildFile; fileRef = 329F1C8C21DF61CF00932DB5 /* exampledefault.mixal */; };
		329F1C9021DF61CF00932DB5 /* documentIcon.png in Resources */ = {isa = PBXBuildFile; fileRef = 329F1C8D21DF61CF00932DB5 /* documentIcon.png */; };
		329F1C9421DF72A500932DB5 /* MIXAL tacherbook.html in Resources */ = {isa = PBXBuildFile; fileRef = 329F1C9321DF6D8E00932DB5 /* MIXAL tacherbook.html */; };
		32B47B1D21E0C218000106C3 /* NoodleLineNumberMarker.m in Sources */ = {isa = PBXBuildFile; fileRef = 32B47B1721E0C216000106C3 /* NoodleLineNumberMarker.m */; };
		32B47B1E21E0C218000106C3 /* NoodleLineNumberView.m in Sources */ = {isa = PBXBuildFile; fileRef = 32B47B1921E0C217000106C3 /* NoodleLineNumberView.m */; };
		32B47B1F21E0C218000106C3 /* MarkerLineNumberView.m in Sources */ = {isa = PBXBuildFile; fileRef = 32B47B1C21E0C217000106C3 /* MarkerLineNumberView.m */; };
		32B5549B21E5FA6500607CA5 /* SyntaxOperandTest.m in Sources */ = {isa = PBXBuildFile; fileRef = 32B5549A21E5FA6500607CA5 /* SyntaxOperandTest.m */; };
/* End PBXBuildFile section */

/* Begin PBXContainerItemProxy section */
		1B79435D1A8F375400197FF3 /* PBXContainerItemProxy */ = {
			isa = PBXContainerItemProxy;
			containerPortal = 1B79433B1A8F375400197FF3 /* Project object */;
			proxyType = 1;
			remoteGlobalIDString = 1B7943421A8F375400197FF3;
			remoteInfo = MixMac;
		};
/* End PBXContainerItemProxy section */

/* Begin PBXCopyFilesBuildPhase section */
		32B47B4021E13BD4000106C3 /* Embed App Extensions */ = {
			isa = PBXCopyFilesBuildPhase;
			buildActionMask = 2147483647;
			dstPath = "";
			dstSubfolderSpec = 13;
			files = (
			);
			name = "Embed App Extensions";
			runOnlyForDeploymentPostprocessing = 0;
		};
		32B47B5221E14A62000106C3 /* CopyFiles */ = {
			isa = PBXCopyFilesBuildPhase;
			buildActionMask = 2147483647;
			dstPath = Contents/Library/QuickLook;
			dstSubfolderSpec = 1;
			files = (
			);
			runOnlyForDeploymentPostprocessing = 0;
		};
/* End PBXCopyFilesBuildPhase section */

/* Begin PBXFileReference section */
		1B55AD8F21D4D68B0087A1E0 /* DemoProg.mix */ = {isa = PBXFileReference; lastKnownFileType = text; path = DemoProg.mix; sourceTree = "<group>"; };
		1B55AD9421D8D5370087A1E0 /* MixSeqFileTest.m */ = {isa = PBXFileReference; lastKnownFileType = sourcecode.c.objc; path = MixSeqFileTest.m; sourceTree = "<group>"; };
		1B7943431A8F375400197FF3 /* MixMac.app */ = {isa = PBXFileReference; explicitFileType = wrapper.application; includeInIndex = 0; path = MixMac.app; sourceTree = BUILT_PRODUCTS_DIR; };
		1B7943471A8F375400197FF3 /* Info.plist */ = {isa = PBXFileReference; lastKnownFileType = text.plist.xml; path = Info.plist; sourceTree = "<group>"; };
		1B7943481A8F375400197FF3 /* AppDelegate.h */ = {isa = PBXFileReference; lastKnownFileType = sourcecode.c.h; path = AppDelegate.h; sourceTree = "<group>"; };
		1B7943491A8F375400197FF3 /* AppDelegate.m */ = {isa = PBXFileReference; lastKnownFileType = sourcecode.c.objc; path = AppDelegate.m; sourceTree = "<group>"; };
		1B79434B1A8F375400197FF3 /* main.m */ = {isa = PBXFileReference; lastKnownFileType = sourcecode.c.objc; path = main.m; sourceTree = "<group>"; };
		1B79434D1A8F375400197FF3 /* Document.h */ = {isa = PBXFileReference; lastKnownFileType = sourcecode.c.h; path = Document.h; sourceTree = "<group>"; };
		1B79434E1A8F375400197FF3 /* Document.m */ = {isa = PBXFileReference; lastKnownFileType = sourcecode.c.objc; path = Document.m; sourceTree = "<group>"; };
		1B7943511A8F375400197FF3 /* Base */ = {isa = PBXFileReference; lastKnownFileType = file.xib; name = Base; path = Base.lproj/Document.xib; sourceTree = "<group>"; };
		1B7943531A8F375400197FF3 /* Images.xcassets */ = {isa = PBXFileReference; lastKnownFileType = folder.assetcatalog; path = Images.xcassets; sourceTree = "<group>"; };
		1B7943561A8F375400197FF3 /* Base */ = {isa = PBXFileReference; lastKnownFileType = file.xib; name = Base; path = Base.lproj/MainMenu.xib; sourceTree = "<group>"; };
		1B79435C1A8F375400197FF3 /* MixMacTests.xctest */ = {isa = PBXFileReference; explicitFileType = wrapper.cfbundle; includeInIndex = 0; path = MixMacTests.xctest; sourceTree = BUILT_PRODUCTS_DIR; };
		1B7943611A8F375400197FF3 /* Info.plist */ = {isa = PBXFileReference; lastKnownFileType = text.plist.xml; path = Info.plist; sourceTree = "<group>"; };
		1B7943621A8F375400197FF3 /* LoadStoreCommandCPUTests.m */ = {isa = PBXFileReference; lastKnownFileType = sourcecode.c.objc; path = LoadStoreCommandCPUTests.m; sourceTree = "<group>"; };
		1B79436D1A8F379A00197FF3 /* MIXCPU.h */ = {isa = PBXFileReference; fileEncoding = 4; lastKnownFileType = sourcecode.c.h; path = MIXCPU.h; sourceTree = "<group>"; };
		1B79436E1A8F379A00197FF3 /* MIXCPU.m */ = {isa = PBXFileReference; fileEncoding = 4; lastKnownFileType = sourcecode.c.objc; path = MIXCPU.m; sourceTree = "<group>"; };
		1B7943711A8F3BA400197FF3 /* Preferences.h */ = {isa = PBXFileReference; fileEncoding = 4; lastKnownFileType = sourcecode.c.h; name = Preferences.h; path = MixMac/Preferences.h; sourceTree = "<group>"; };
		1B7943721A8F3BA400197FF3 /* Preferences.m */ = {isa = PBXFileReference; fileEncoding = 4; lastKnownFileType = sourcecode.c.objc; name = Preferences.m; path = MixMac/Preferences.m; sourceTree = "<group>"; };
		1B7943751A8F41AF00197FF3 /* LICENSE */ = {isa = PBXFileReference; lastKnownFileType = text; path = LICENSE; sourceTree = "<group>"; };
		1B7943761A8F41CD00197FF3 /* README */ = {isa = PBXFileReference; lastKnownFileType = text; path = README; sourceTree = "<group>"; };
		1B7943771A8F461800197FF3 /* MIXExceptions.h */ = {isa = PBXFileReference; lastKnownFileType = sourcecode.c.h; name = MIXExceptions.h; path = MixMac/MIXExceptions.h; sourceTree = "<group>"; };
		1B7943781A8F46F600197FF3 /* DebugPrint.h */ = {isa = PBXFileReference; lastKnownFileType = sourcecode.c.h; name = DebugPrint.h; path = MixMac/DebugPrint.h; sourceTree = "<group>"; };
		1B7943791A8F691A00197FF3 /* MixCommands.h */ = {isa = PBXFileReference; fileEncoding = 4; lastKnownFileType = sourcecode.c.h; name = MixCommands.h; path = MixMac/MixCommands.h; sourceTree = "<group>"; };
		1B79437A1A8F691A00197FF3 /* MixCommands.m */ = {isa = PBXFileReference; fileEncoding = 4; lastKnownFileType = sourcecode.c.objc; name = MixCommands.m; path = MixMac/MixCommands.m; sourceTree = "<group>"; };
		1BCC3ED71A8F8BA90010C4F6 /* Localizable.strings */ = {isa = PBXFileReference; fileEncoding = 4; lastKnownFileType = text.plist.strings; path = Localizable.strings; sourceTree = "<group>"; };
		1BE9D4CE1A9E008800CB5187 /* CompareTests.m */ = {isa = PBXFileReference; fileEncoding = 4; lastKnownFileType = sourcecode.c.objc; path = CompareTests.m; sourceTree = "<group>"; };
		1BE9D4D01A9E31E200CB5187 /* JumpTests.m */ = {isa = PBXFileReference; fileEncoding = 4; lastKnownFileType = sourcecode.c.objc; path = JumpTests.m; sourceTree = "<group>"; };
		1BE9D4D31AA4419200CB5187 /* testShiftOperations.m */ = {isa = PBXFileReference; fileEncoding = 4; lastKnownFileType = sourcecode.c.objc; path = testShiftOperations.m; sourceTree = "<group>"; };
		1BE9D5021AA4A7D400CB5187 /* moveTest.m */ = {isa = PBXFileReference; fileEncoding = 4; lastKnownFileType = sourcecode.c.objc; path = moveTest.m; sourceTree = "<group>"; };
		1BE9D5321AA61D5500CB5187 /* MIXFileCollection.h */ = {isa = PBXFileReference; fileEncoding = 4; lastKnownFileType = sourcecode.c.h; path = MIXFileCollection.h; sourceTree = "<group>"; };
		1BE9D5331AA61D5500CB5187 /* MIXFileCollection.m */ = {isa = PBXFileReference; fileEncoding = 4; lastKnownFileType = sourcecode.c.objc; path = MIXFileCollection.m; sourceTree = "<group>"; };
		1BEF64601A96343A0039EBBE /* MIXTest.h */ = {isa = PBXFileReference; fileEncoding = 4; lastKnownFileType = sourcecode.c.h; path = MIXTest.h; sourceTree = "<group>"; };
		1BEF64611A96343A0039EBBE /* MIXTest.m */ = {isa = PBXFileReference; fileEncoding = 4; lastKnownFileType = sourcecode.c.objc; path = MIXTest.m; sourceTree = "<group>"; };
		1BEF64641A96366A0039EBBE /* ArithmeticTests.m */ = {isa = PBXFileReference; fileEncoding = 4; lastKnownFileType = sourcecode.c.objc; path = ArithmeticTests.m; sourceTree = "<group>"; };
		1BEF64661A99F7F50039EBBE /* EntFamilyTest.m */ = {isa = PBXFileReference; fileEncoding = 4; lastKnownFileType = sourcecode.c.objc; path = EntFamilyTest.m; sourceTree = "<group>"; };
		321C3FCB21E795770031343A /* MixMac.xcdatamodel */ = {isa = PBXFileReference; lastKnownFileType = wrapper.xcdatamodel; path = MixMac.xcdatamodel; sourceTree = "<group>"; };
		321C3FCE21E796060031343A /* DAO.m */ = {isa = PBXFileReference; fileEncoding = 4; lastKnownFileType = sourcecode.c.objc; path = DAO.m; sourceTree = "<group>"; };
		321C3FCF21E796060031343A /* DAO.h */ = {isa = PBXFileReference; fileEncoding = 4; lastKnownFileType = sourcecode.c.h; path = DAO.h; sourceTree = "<group>"; };
		321C3FDA21E7A8490031343A /* MLine+CoreDataProperties.h */ = {isa = PBXFileReference; lastKnownFileType = sourcecode.c.h; path = "MLine+CoreDataProperties.h"; sourceTree = "<group>"; };
		321C3FDB21E7A8490031343A /* MLine+CoreDataClass.h */ = {isa = PBXFileReference; lastKnownFileType = sourcecode.c.h; path = "MLine+CoreDataClass.h"; sourceTree = "<group>"; };
		321C3FDC21E7A8490031343A /* MLine+CoreDataClass.m */ = {isa = PBXFileReference; lastKnownFileType = sourcecode.c.objc; path = "MLine+CoreDataClass.m"; sourceTree = "<group>"; };
		321C3FDD21E7A8490031343A /* MLine+CoreDataProperties.m */ = {isa = PBXFileReference; lastKnownFileType = sourcecode.c.objc; path = "MLine+CoreDataProperties.m"; sourceTree = "<group>"; };
		321C3FDE21E7A8490031343A /* MFiles+CoreDataProperties.h */ = {isa = PBXFileReference; lastKnownFileType = sourcecode.c.h; path = "MFiles+CoreDataProperties.h"; sourceTree = "<group>"; };
		321C3FDF21E7A8490031343A /* MFiles+CoreDataClass.h */ = {isa = PBXFileReference; lastKnownFileType = sourcecode.c.h; path = "MFiles+CoreDataClass.h"; sourceTree = "<group>"; };
		321C3FE021E7A8490031343A /* MFiles+CoreDataClass.m */ = {isa = PBXFileReference; lastKnownFileType = sourcecode.c.objc; path = "MFiles+CoreDataClass.m"; sourceTree = "<group>"; };
		321C3FE121E7A8490031343A /* MFiles+CoreDataProperties.m */ = {isa = PBXFileReference; lastKnownFileType = sourcecode.c.objc; path = "MFiles+CoreDataProperties.m"; sourceTree = "<group>"; };
		325DDB0F21E4AC1800D3E329 /* NSAttributedString+Theme.h */ = {isa = PBXFileReference; fileEncoding = 4; lastKnownFileType = sourcecode.c.h; path = "NSAttributedString+Theme.h"; sourceTree = "<group>"; };
		325DDB1021E4AC1800D3E329 /* NSAttributedString+Theme.m */ = {isa = PBXFileReference; fileEncoding = 4; lastKnownFileType = sourcecode.c.objc; path = "NSAttributedString+Theme.m"; sourceTree = "<group>"; };
		325DDB1221E4AE7700D3E329 /* NSFont+Theme.m */ = {isa = PBXFileReference; fileEncoding = 4; lastKnownFileType = sourcecode.c.objc; path = "NSFont+Theme.m"; sourceTree = "<group>"; };
		325DDB1321E4AE7700D3E329 /* NSColor+Theme.m */ = {isa = PBXFileReference; fileEncoding = 4; lastKnownFileType = sourcecode.c.objc; path = "NSColor+Theme.m"; sourceTree = "<group>"; };
		325DDB1421E4AE7700D3E329 /* NSColor+Theme.h */ = {isa = PBXFileReference; fileEncoding = 4; lastKnownFileType = sourcecode.c.h; path = "NSColor+Theme.h"; sourceTree = "<group>"; };
		325DDB1521E4AE7800D3E329 /* NSFont+Theme.h */ = {isa = PBXFileReference; fileEncoding = 4; lastKnownFileType = sourcecode.c.h; path = "NSFont+Theme.h"; sourceTree = "<group>"; };
		325DDB1821E4B74600D3E329 /* Theme.h */ = {isa = PBXFileReference; fileEncoding = 4; lastKnownFileType = sourcecode.c.h; path = Theme.h; sourceTree = "<group>"; };
		325DDB1921E4B74600D3E329 /* Theme.m */ = {isa = PBXFileReference; fileEncoding = 4; lastKnownFileType = sourcecode.c.objc; path = Theme.m; sourceTree = "<group>"; };
		329F1C8C21DF61CF00932DB5 /* exampledefault.mixal */ = {isa = PBXFileReference; fileEncoding = 4; indentWidth = 28; lastKnownFileType = text; path = exampledefault.mixal; sourceTree = "<group>"; tabWidth = 14; usesTabs = 1; wrapsLines = 1; };
		329F1C8D21DF61CF00932DB5 /* documentIcon.png */ = {isa = PBXFileReference; lastKnownFileType = image.png; path = documentIcon.png; sourceTree = "<group>"; };
		329F1C9221DF629E00932DB5 /* MixMac.entitlements */ = {isa = PBXFileReference; lastKnownFileType = text.plist.entitlements; path = MixMac.entitlements; sourceTree = "<group>"; };
		329F1C9321DF6D8E00932DB5 /* MIXAL tacherbook.html */ = {isa = PBXFileReference; lastKnownFileType = text.html; path = "MIXAL tacherbook.html"; sourceTree = "<group>"; };
		32B47B1721E0C216000106C3 /* NoodleLineNumberMarker.m */ = {isa = PBXFileReference; fileEncoding = 4; lastKnownFileType = sourcecode.c.objc; path = NoodleLineNumberMarker.m; sourceTree = "<group>"; };
		32B47B1821E0C216000106C3 /* NoodleLineNumberView.h */ = {isa = PBXFileReference; fileEncoding = 4; lastKnownFileType = sourcecode.c.h; path = NoodleLineNumberView.h; sourceTree = "<group>"; };
		32B47B1921E0C217000106C3 /* NoodleLineNumberView.m */ = {isa = PBXFileReference; fileEncoding = 4; lastKnownFileType = sourcecode.c.objc; path = NoodleLineNumberView.m; sourceTree = "<group>"; };
		32B47B1A21E0C217000106C3 /* MarkerLineNumberView.h */ = {isa = PBXFileReference; fileEncoding = 4; lastKnownFileType = sourcecode.c.h; path = MarkerLineNumberView.h; sourceTree = "<group>"; };
		32B47B1B21E0C217000106C3 /* NoodleLineNumberMarker.h */ = {isa = PBXFileReference; fileEncoding = 4; lastKnownFileType = sourcecode.c.h; path = NoodleLineNumberMarker.h; sourceTree = "<group>"; };
		32B47B1C21E0C217000106C3 /* MarkerLineNumberView.m */ = {isa = PBXFileReference; fileEncoding = 4; lastKnownFileType = sourcecode.c.objc; path = MarkerLineNumberView.m; sourceTree = "<group>"; };
		32B47B2F21E13BD4000106C3 /* Quartz.framework */ = {isa = PBXFileReference; lastKnownFileType = wrapper.framework; name = Quartz.framework; path = System/Library/Frameworks/Quartz.framework; sourceTree = SDKROOT; };
		32B5549A21E5FA6500607CA5 /* SyntaxOperandTest.m */ = {isa = PBXFileReference; lastKnownFileType = sourcecode.c.objc; path = SyntaxOperandTest.m; sourceTree = "<group>"; };
/* End PBXFileReference section */

/* Begin PBXFrameworksBuildPhase section */
		1B7943401A8F375400197FF3 /* Frameworks */ = {
			isa = PBXFrameworksBuildPhase;
			buildActionMask = 2147483647;
			files = (
			);
			runOnlyForDeploymentPostprocessing = 0;
		};
		1B7943591A8F375400197FF3 /* Frameworks */ = {
			isa = PBXFrameworksBuildPhase;
			buildActionMask = 2147483647;
			files = (
			);
			runOnlyForDeploymentPostprocessing = 0;
		};
/* End PBXFrameworksBuildPhase section */

/* Begin PBXGroup section */
		1B79433A1A8F375400197FF3 = {
			isa = PBXGroup;
			children = (
				1B7943741A8F419400197FF3 /* Documentation */,
				1B7943701A8F3B8E00197FF3 /* Preferences */,
				1B79436C1A8F377500197FF3 /* CPU */,
				1B7943451A8F375400197FF3 /* MixMac */,
				1B79435F1A8F375400197FF3 /* MixMacTests */,
				32B47B2E21E13BD4000106C3 /* Frameworks */,
				1B7943441A8F375400197FF3 /* Products */,
			);
			sourceTree = "<group>";
		};
		1B7943441A8F375400197FF3 /* Products */ = {
			isa = PBXGroup;
			children = (
				1B7943431A8F375400197FF3 /* MixMac.app */,
				1B79435C1A8F375400197FF3 /* MixMacTests.xctest */,
			);
			name = Products;
			sourceTree = "<group>";
		};
		1B7943451A8F375400197FF3 /* MixMac */ = {
			isa = PBXGroup;
			children = (
				325DDB0E21E4AC0B00D3E329 /* Theme */,
				32B47B2521E0CF1C000106C3 /* Line View */,
				321C3FCD21E795820031343A /* Core Data */,
				32B47B2621E0F9F3000106C3 /* Formating string */,
				1B79434D1A8F375400197FF3 /* Document.h */,
				1B79434E1A8F375400197FF3 /* Document.m */,
				1B7943501A8F375400197FF3 /* Document.xib */,
				1B7943481A8F375400197FF3 /* AppDelegate.h */,
				1B7943491A8F375400197FF3 /* AppDelegate.m */,
				1B7943531A8F375400197FF3 /* Images.xcassets */,
				329F1C8D21DF61CF00932DB5 /* documentIcon.png */,
				1B7943551A8F375400197FF3 /* MainMenu.xib */,
				329F1C9221DF629E00932DB5 /* MixMac.entitlements */,
				1B7943461A8F375400197FF3 /* Supporting Files */,
				1BCC3ED71A8F8BA90010C4F6 /* Localizable.strings */,
			);
			path = MixMac;
			sourceTree = "<group>";
		};
		1B7943461A8F375400197FF3 /* Supporting Files */ = {
			isa = PBXGroup;
			children = (
				1B7943471A8F375400197FF3 /* Info.plist */,
				1B79434B1A8F375400197FF3 /* main.m */,
			);
			name = "Supporting Files";
			sourceTree = "<group>";
		};
		1B79435F1A8F375400197FF3 /* MixMacTests */ = {
			isa = PBXGroup;
			children = (
				1BE9D4CE1A9E008800CB5187 /* CompareTests.m */,
				1BE9D4D31AA4419200CB5187 /* testShiftOperations.m */,
				1BE9D5021AA4A7D400CB5187 /* moveTest.m */,
				1BE9D4D01A9E31E200CB5187 /* JumpTests.m */,
				1B7943621A8F375400197FF3 /* LoadStoreCommandCPUTests.m */,
				1BEF64641A96366A0039EBBE /* ArithmeticTests.m */,
				1BEF64661A99F7F50039EBBE /* EntFamilyTest.m */,
				1BEF64601A96343A0039EBBE /* MIXTest.h */,
				1BEF64611A96343A0039EBBE /* MIXTest.m */,
				32B5549A21E5FA6500607CA5 /* SyntaxOperandTest.m */,
				1B7943601A8F375400197FF3 /* Supporting Files */,
				1B55AD8F21D4D68B0087A1E0 /* DemoProg.mix */,
				1B55AD9421D8D5370087A1E0 /* MixSeqFileTest.m */,
			);
			path = MixMacTests;
			sourceTree = "<group>";
		};
		1B7943601A8F375400197FF3 /* Supporting Files */ = {
			isa = PBXGroup;
			children = (
				1B7943611A8F375400197FF3 /* Info.plist */,
			);
			name = "Supporting Files";
			sourceTree = "<group>";
		};
		1B79436C1A8F377500197FF3 /* CPU */ = {
			isa = PBXGroup;
			children = (
				1B79436D1A8F379A00197FF3 /* MIXCPU.h */,
				1B79436E1A8F379A00197FF3 /* MIXCPU.m */,
				1B7943791A8F691A00197FF3 /* MixCommands.h */,
				1B79437A1A8F691A00197FF3 /* MixCommands.m */,
				1BE9D5321AA61D5500CB5187 /* MIXFileCollection.h */,
				1BE9D5331AA61D5500CB5187 /* MIXFileCollection.m */,
			);
			name = CPU;
			sourceTree = "<group>";
		};
		1B7943701A8F3B8E00197FF3 /* Preferences */ = {
			isa = PBXGroup;
			children = (
				1B7943711A8F3BA400197FF3 /* Preferences.h */,
				1B7943721A8F3BA400197FF3 /* Preferences.m */,
				1B7943781A8F46F600197FF3 /* DebugPrint.h */,
				1B7943771A8F461800197FF3 /* MIXExceptions.h */,
			);
			name = Preferences;
			sourceTree = "<group>";
		};
		1B7943741A8F419400197FF3 /* Documentation */ = {
			isa = PBXGroup;
			children = (
				1B7943751A8F41AF00197FF3 /* LICENSE */,
				1B7943761A8F41CD00197FF3 /* README */,
				329F1C9321DF6D8E00932DB5 /* MIXAL tacherbook.html */,
			);
			name = Documentation;
			sourceTree = "<group>";
		};
		321C3FCD21E795820031343A /* Core Data */ = {
			isa = PBXGroup;
			children = (
				321C3FCF21E796060031343A /* DAO.h */,
				321C3FCE21E796060031343A /* DAO.m */,
				321C3FCA21E795770031343A /* MixMac.xcdatamodeld */,
				321C3FDB21E7A8490031343A /* MLine+CoreDataClass.h */,
				321C3FDC21E7A8490031343A /* MLine+CoreDataClass.m */,
				321C3FDA21E7A8490031343A /* MLine+CoreDataProperties.h */,
				321C3FDD21E7A8490031343A /* MLine+CoreDataProperties.m */,
				321C3FDF21E7A8490031343A /* MFiles+CoreDataClass.h */,
				321C3FE021E7A8490031343A /* MFiles+CoreDataClass.m */,
				321C3FDE21E7A8490031343A /* MFiles+CoreDataProperties.h */,
				321C3FE121E7A8490031343A /* MFiles+CoreDataProperties.m */,
			);
			name = "Core Data";
			sourceTree = "<group>";
		};
		325DDB0E21E4AC0B00D3E329 /* Theme */ = {
			isa = PBXGroup;
			children = (
				325DDB1821E4B74600D3E329 /* Theme.h */,
				325DDB1921E4B74600D3E329 /* Theme.m */,
				325DDB1521E4AE7800D3E329 /* NSFont+Theme.h */,
				325DDB1221E4AE7700D3E329 /* NSFont+Theme.m */,
				325DDB1421E4AE7700D3E329 /* NSColor+Theme.h */,
				325DDB1321E4AE7700D3E329 /* NSColor+Theme.m */,
				325DDB0F21E4AC1800D3E329 /* NSAttributedString+Theme.h */,
				325DDB1021E4AC1800D3E329 /* NSAttributedString+Theme.m */,
			);
			name = Theme;
			sourceTree = "<group>";
		};
		32B47B2521E0CF1C000106C3 /* Line View */ = {
			isa = PBXGroup;
			children = (
				32B47B1A21E0C217000106C3 /* MarkerLineNumberView.h */,
				32B47B1C21E0C217000106C3 /* MarkerLineNumberView.m */,
				32B47B1B21E0C217000106C3 /* NoodleLineNumberMarker.h */,
				32B47B1721E0C216000106C3 /* NoodleLineNumberMarker.m */,
				32B47B1821E0C216000106C3 /* NoodleLineNumberView.h */,
				32B47B1921E0C217000106C3 /* NoodleLineNumberView.m */,
			);
			name = "Line View";
			sourceTree = "<group>";
		};
		32B47B2621E0F9F3000106C3 /* Formating string */ = {
			isa = PBXGroup;
			children = (
				329F1C8C21DF61CF00932DB5 /* exampledefault.mixal */,
			);
			name = "Formating string";
			sourceTree = "<group>";
		};
		32B47B2E21E13BD4000106C3 /* Frameworks */ = {
			isa = PBXGroup;
			children = (
				32B47B2F21E13BD4000106C3 /* Quartz.framework */,
			);
			name = Frameworks;
			sourceTree = "<group>";
		};
/* End PBXGroup section */

/* Begin PBXNativeTarget section */
		1B7943421A8F375400197FF3 /* MixMac */ = {
			isa = PBXNativeTarget;
			buildConfigurationList = 1B7943661A8F375400197FF3 /* Build configuration list for PBXNativeTarget "MixMac" */;
			buildPhases = (
				1B79433F1A8F375400197FF3 /* Sources */,
				1B7943401A8F375400197FF3 /* Frameworks */,
				1B7943411A8F375400197FF3 /* Resources */,
				32B47B4021E13BD4000106C3 /* Embed App Extensions */,
				32B47B5221E14A62000106C3 /* CopyFiles */,
			);
			buildRules = (
			);
			dependencies = (
			);
			name = MixMac;
			productName = MixMac;
			productReference = 1B7943431A8F375400197FF3 /* MixMac.app */;
			productType = "com.apple.product-type.application";
		};
		1B79435B1A8F375400197FF3 /* MixMacTests */ = {
			isa = PBXNativeTarget;
			buildConfigurationList = 1B7943691A8F375400197FF3 /* Build configuration list for PBXNativeTarget "MixMacTests" */;
			buildPhases = (
				1B7943581A8F375400197FF3 /* Sources */,
				1B7943591A8F375400197FF3 /* Frameworks */,
				1B79435A1A8F375400197FF3 /* Resources */,
			);
			buildRules = (
			);
			dependencies = (
				1B79435E1A8F375400197FF3 /* PBXTargetDependency */,
			);
			name = MixMacTests;
			productName = MixMacTests;
			productReference = 1B79435C1A8F375400197FF3 /* MixMacTests.xctest */;
			productType = "com.apple.product-type.bundle.unit-test";
		};
/* End PBXNativeTarget section */

/* Begin PBXProject section */
		1B79433B1A8F375400197FF3 /* Project object */ = {
			isa = PBXProject;
			attributes = {
				LastUpgradeCheck = 1010;
				ORGANIZATIONNAME = "Geomatix Laboratoriy S.R.O.";
				TargetAttributes = {
					1B7943421A8F375400197FF3 = {
						CreatedOnToolsVersion = 6.1.1;
						DevelopmentTeam = UKBNTL7HA9;
						ProvisioningStyle = Automatic;
						SystemCapabilities = {
							com.apple.Sandbox = {
								enabled = 1;
							};
						};
					};
					1B79435B1A8F375400197FF3 = {
						CreatedOnToolsVersion = 6.1.1;
						TestTargetID = 1B7943421A8F375400197FF3;
					};
				};
			};
			buildConfigurationList = 1B79433E1A8F375400197FF3 /* Build configuration list for PBXProject "MixMac" */;
			compatibilityVersion = "Xcode 3.2";
			developmentRegion = English;
			hasScannedForEncodings = 0;
			knownRegions = (
				en,
				Base,
			);
			mainGroup = 1B79433A1A8F375400197FF3;
			productRefGroup = 1B7943441A8F375400197FF3 /* Products */;
			projectDirPath = "";
			projectRoot = "";
			targets = (
				1B7943421A8F375400197FF3 /* MixMac */,
				1B79435B1A8F375400197FF3 /* MixMacTests */,
			);
		};
/* End PBXProject section */

/* Begin PBXResourcesBuildPhase section */
		1B7943411A8F375400197FF3 /* Resources */ = {
			isa = PBXResourcesBuildPhase;
			buildActionMask = 2147483647;
			files = (
				1B7943521A8F375400197FF3 /* Document.xib in Resources */,
				329F1C9421DF72A500932DB5 /* MIXAL tacherbook.html in Resources */,
				1BCC3ED81A8F8BA90010C4F6 /* Localizable.strings in Resources */,
				1B7943541A8F375400197FF3 /* Images.xcassets in Resources */,
				329F1C9021DF61CF00932DB5 /* documentIcon.png in Resources */,
				329F1C8F21DF61CF00932DB5 /* exampledefault.mixal in Resources */,
				1B7943571A8F375400197FF3 /* MainMenu.xib in Resources */,
			);
			runOnlyForDeploymentPostprocessing = 0;
		};
		1B79435A1A8F375400197FF3 /* Resources */ = {
			isa = PBXResourcesBuildPhase;
			buildActionMask = 2147483647;
			files = (
				1B55AD9021D4D68B0087A1E0 /* DemoProg.mix in Resources */,
			);
			runOnlyForDeploymentPostprocessing = 0;
		};
/* End PBXResourcesBuildPhase section */

/* Begin PBXSourcesBuildPhase section */
		1B79433F1A8F375400197FF3 /* Sources */ = {
			isa = PBXSourcesBuildPhase;
			buildActionMask = 2147483647;
			files = (
				321C3FE421E7A8490031343A /* MFiles+CoreDataClass.m in Sources */,
				1B79434F1A8F375400197FF3 /* Document.m in Sources */,
				325DDB1721E4AE7800D3E329 /* NSColor+Theme.m in Sources */,
				1B79436F1A8F379A00197FF3 /* MIXCPU.m in Sources */,
				321C3FD021E796060031343A /* DAO.m in Sources */,
				321C3FE221E7A8490031343A /* MLine+CoreDataClass.m in Sources */,
				325DDB1A21E4B74600D3E329 /* Theme.m in Sources */,
				321C3FE521E7A8490031343A /* MFiles+CoreDataProperties.m in Sources */,
				325DDB1621E4AE7800D3E329 /* NSFont+Theme.m in Sources */,
				1B79437B1A8F691A00197FF3 /* MixCommands.m in Sources */,
				321C3FE321E7A8490031343A /* MLine+CoreDataProperties.m in Sources */,
				1B79434C1A8F375400197FF3 /* main.m in Sources */,
				32B47B1D21E0C218000106C3 /* NoodleLineNumberMarker.m in Sources */,
				1BE9D5341AA61D5500CB5187 /* MIXFileCollection.m in Sources */,
				321C3FCC21E795770031343A /* MixMac.xcdatamodeld in Sources */,
				32B47B1F21E0C218000106C3 /* MarkerLineNumberView.m in Sources */,
				32B47B1E21E0C218000106C3 /* NoodleLineNumberView.m in Sources */,
				1B79434A1A8F375400197FF3 /* AppDelegate.m in Sources */,
				1B7943731A8F3BA400197FF3 /* Preferences.m in Sources */,
				325DDB1121E4AC1800D3E329 /* NSAttributedString+Theme.m in Sources */,
			);
			runOnlyForDeploymentPostprocessing = 0;
		};
		1B7943581A8F375400197FF3 /* Sources */ = {
			isa = PBXSourcesBuildPhase;
			buildActionMask = 2147483647;
			files = (
				1BEF64621A96343A0039EBBE /* MIXTest.m in Sources */,
				1BE9D4D11A9E31E200CB5187 /* JumpTests.m in Sources */,
				1BEF64651A96366A0039EBBE /* ArithmeticTests.m in Sources */,
				1B7943631A8F375400197FF3 /* LoadStoreCommandCPUTests.m in Sources */,
				1BE9D5031AA4A7D400CB5187 /* moveTest.m in Sources */,
				1BE9D4D41AA4419200CB5187 /* testShiftOperations.m in Sources */,
				32B5549B21E5FA6500607CA5 /* SyntaxOperandTest.m in Sources */,
				1B55AD9521D8D5370087A1E0 /* MixSeqFileTest.m in Sources */,
				1BEF64671A99F7F50039EBBE /* EntFamilyTest.m in Sources */,
				1BE9D4CF1A9E008800CB5187 /* CompareTests.m in Sources */,
			);
			runOnlyForDeploymentPostprocessing = 0;
		};
/* End PBXSourcesBuildPhase section */

/* Begin PBXTargetDependency section */
		1B79435E1A8F375400197FF3 /* PBXTargetDependency */ = {
			isa = PBXTargetDependency;
			target = 1B7943421A8F375400197FF3 /* MixMac */;
			targetProxy = 1B79435D1A8F375400197FF3 /* PBXContainerItemProxy */;
		};
/* End PBXTargetDependency section */

/* Begin PBXVariantGroup section */
		1B7943501A8F375400197FF3 /* Document.xib */ = {
			isa = PBXVariantGroup;
			children = (
				1B7943511A8F375400197FF3 /* Base */,
			);
			name = Document.xib;
			sourceTree = "<group>";
		};
		1B7943551A8F375400197FF3 /* MainMenu.xib */ = {
			isa = PBXVariantGroup;
			children = (
				1B7943561A8F375400197FF3 /* Base */,
			);
			name = MainMenu.xib;
			sourceTree = "<group>";
		};
/* End PBXVariantGroup section */

/* Begin XCBuildConfiguration section */
		1B7943641A8F375400197FF3 /* Debug */ = {
			isa = XCBuildConfiguration;
			buildSettings = {
				ALWAYS_SEARCH_USER_PATHS = NO;
				CLANG_CXX_LANGUAGE_STANDARD = "gnu++0x";
				CLANG_CXX_LIBRARY = "libc++";
				CLANG_ENABLE_MODULES = YES;
				CLANG_ENABLE_OBJC_ARC = YES;
				CLANG_WARN_BLOCK_CAPTURE_AUTORELEASING = YES;
				CLANG_WARN_BOOL_CONVERSION = YES;
				CLANG_WARN_COMMA = YES;
				CLANG_WARN_CONSTANT_CONVERSION = YES;
				CLANG_WARN_DEPRECATED_OBJC_IMPLEMENTATIONS = YES;
				CLANG_WARN_DIRECT_OBJC_ISA_USAGE = YES_ERROR;
				CLANG_WARN_EMPTY_BODY = YES;
				CLANG_WARN_ENUM_CONVERSION = YES;
				CLANG_WARN_INFINITE_RECURSION = YES;
				CLANG_WARN_INT_CONVERSION = YES;
				CLANG_WARN_NON_LITERAL_NULL_CONVERSION = YES;
				CLANG_WARN_OBJC_IMPLICIT_RETAIN_SELF = YES;
				CLANG_WARN_OBJC_LITERAL_CONVERSION = YES;
				CLANG_WARN_OBJC_ROOT_CLASS = YES_ERROR;
				CLANG_WARN_RANGE_LOOP_ANALYSIS = YES;
				CLANG_WARN_STRICT_PROTOTYPES = YES;
				CLANG_WARN_SUSPICIOUS_MOVE = YES;
				CLANG_WARN_UNREACHABLE_CODE = YES;
				CLANG_WARN__DUPLICATE_METHOD_MATCH = YES;
				CODE_SIGN_IDENTITY = "-";
				COPY_PHASE_STRIP = NO;
				ENABLE_STRICT_OBJC_MSGSEND = YES;
				ENABLE_TESTABILITY = YES;
				GCC_C_LANGUAGE_STANDARD = gnu99;
				GCC_DYNAMIC_NO_PIC = NO;
				GCC_NO_COMMON_BLOCKS = YES;
				GCC_OPTIMIZATION_LEVEL = 0;
				GCC_PREPROCESSOR_DEFINITIONS = (
					"DEBUG=1",
					"$(inherited)",
				);
				GCC_SYMBOLS_PRIVATE_EXTERN = NO;
				GCC_WARN_64_TO_32_BIT_CONVERSION = YES;
				GCC_WARN_ABOUT_RETURN_TYPE = YES_ERROR;
				GCC_WARN_UNDECLARED_SELECTOR = YES;
				GCC_WARN_UNINITIALIZED_AUTOS = YES_AGGRESSIVE;
				GCC_WARN_UNUSED_FUNCTION = YES;
				GCC_WARN_UNUSED_VARIABLE = YES;
				MACOSX_DEPLOYMENT_TARGET = 10.12;
				MTL_ENABLE_DEBUG_INFO = YES;
				ONLY_ACTIVE_ARCH = YES;
				SDKROOT = macosx;
			};
			name = Debug;
		};
		1B7943651A8F375400197FF3 /* Release */ = {
			isa = XCBuildConfiguration;
			buildSettings = {
				ALWAYS_SEARCH_USER_PATHS = NO;
				CLANG_CXX_LANGUAGE_STANDARD = "gnu++0x";
				CLANG_CXX_LIBRARY = "libc++";
				CLANG_ENABLE_MODULES = YES;
				CLANG_ENABLE_OBJC_ARC = YES;
				CLANG_WARN_BLOCK_CAPTURE_AUTORELEASING = YES;
				CLANG_WARN_BOOL_CONVERSION = YES;
				CLANG_WARN_COMMA = YES;
				CLANG_WARN_CONSTANT_CONVERSION = YES;
				CLANG_WARN_DEPRECATED_OBJC_IMPLEMENTATIONS = YES;
				CLANG_WARN_DIRECT_OBJC_ISA_USAGE = YES_ERROR;
				CLANG_WARN_EMPTY_BODY = YES;
				CLANG_WARN_ENUM_CONVERSION = YES;
				CLANG_WARN_INFINITE_RECURSION = YES;
				CLANG_WARN_INT_CONVERSION = YES;
				CLANG_WARN_NON_LITERAL_NULL_CONVERSION = YES;
				CLANG_WARN_OBJC_IMPLICIT_RETAIN_SELF = YES;
				CLANG_WARN_OBJC_LITERAL_CONVERSION = YES;
				CLANG_WARN_OBJC_ROOT_CLASS = YES_ERROR;
				CLANG_WARN_RANGE_LOOP_ANALYSIS = YES;
				CLANG_WARN_STRICT_PROTOTYPES = YES;
				CLANG_WARN_SUSPICIOUS_MOVE = YES;
				CLANG_WARN_UNREACHABLE_CODE = YES;
				CLANG_WARN__DUPLICATE_METHOD_MATCH = YES;
				CODE_SIGN_IDENTITY = "-";
				COPY_PHASE_STRIP = YES;
				DEBUG_INFORMATION_FORMAT = "dwarf-with-dsym";
				ENABLE_NS_ASSERTIONS = NO;
				ENABLE_STRICT_OBJC_MSGSEND = YES;
				GCC_C_LANGUAGE_STANDARD = gnu99;
				GCC_NO_COMMON_BLOCKS = YES;
				GCC_WARN_64_TO_32_BIT_CONVERSION = YES;
				GCC_WARN_ABOUT_RETURN_TYPE = YES_ERROR;
				GCC_WARN_UNDECLARED_SELECTOR = YES;
				GCC_WARN_UNINITIALIZED_AUTOS = YES_AGGRESSIVE;
				GCC_WARN_UNUSED_FUNCTION = YES;
				GCC_WARN_UNUSED_VARIABLE = YES;
				MACOSX_DEPLOYMENT_TARGET = 10.12;
				MTL_ENABLE_DEBUG_INFO = NO;
				SDKROOT = macosx;
			};
			name = Release;
		};
		1B7943671A8F375400197FF3 /* Debug */ = {
			isa = XCBuildConfiguration;
			buildSettings = {
				ASSETCATALOG_COMPILER_APPICON_NAME = AppIcon;
				CODE_SIGN_ENTITLEMENTS = MixMac/MixMac.entitlements;
				CODE_SIGN_IDENTITY = "Mac Developer";
				CODE_SIGN_STYLE = Automatic;
				COMBINE_HIDPI_IMAGES = YES;
				DEVELOPMENT_TEAM = UKBNTL7HA9;
				INFOPLIST_FILE = MixMac/Info.plist;
				LD_RUNPATH_SEARCH_PATHS = "$(inherited) @executable_path/../Frameworks";
				MACOSX_DEPLOYMENT_TARGET = 10.9;
				PRODUCT_BUNDLE_IDENTIFIER = "geomatix.cz.$(PRODUCT_NAME:rfc1034identifier)";
				PRODUCT_NAME = "$(TARGET_NAME)";
				PROVISIONING_PROFILE_SPECIFIER = "";
				SKIP_INSTALL = NO;
			};
			name = Debug;
		};
		1B7943681A8F375400197FF3 /* Release */ = {
			isa = XCBuildConfiguration;
			buildSettings = {
				ASSETCATALOG_COMPILER_APPICON_NAME = AppIcon;
				CODE_SIGN_ENTITLEMENTS = MixMac/MixMac.entitlements;
				CODE_SIGN_IDENTITY = "Mac Developer";
				CODE_SIGN_STYLE = Automatic;
				COMBINE_HIDPI_IMAGES = YES;
				DEVELOPMENT_TEAM = UKBNTL7HA9;
				INFOPLIST_FILE = MixMac/Info.plist;
				LD_RUNPATH_SEARCH_PATHS = "$(inherited) @executable_path/../Frameworks";
				MACOSX_DEPLOYMENT_TARGET = 10.9;
				PRODUCT_BUNDLE_IDENTIFIER = "geomatix.cz.$(PRODUCT_NAME:rfc1034identifier)";
				PRODUCT_NAME = "$(TARGET_NAME)";
				PROVISIONING_PROFILE_SPECIFIER = "";
				SKIP_INSTALL = NO;
			};
			name = Release;
		};
		1B79436A1A8F375400197FF3 /* Debug */ = {
			isa = XCBuildConfiguration;
			buildSettings = {
				BUNDLE_LOADER = "$(TEST_HOST)";
				COMBINE_HIDPI_IMAGES = YES;
				FRAMEWORK_SEARCH_PATHS = (
					"$(DEVELOPER_FRAMEWORKS_DIR)",
					"$(inherited)",
				);
				GCC_PREPROCESSOR_DEFINITIONS = (
					"DEBUG=1",
					"$(inherited)",
				);
				INFOPLIST_FILE = MixMacTests/Info.plist;
				LD_RUNPATH_SEARCH_PATHS = "$(inherited) @executable_path/../Frameworks @loader_path/../Frameworks";
				PRODUCT_BUNDLE_IDENTIFIER = "geomatix.cz.$(PRODUCT_NAME:rfc1034identifier)";
				PRODUCT_NAME = "$(TARGET_NAME)";
				TEST_HOST = "$(BUILT_PRODUCTS_DIR)/MixMac.app/Contents/MacOS/MixMac";
			};
			name = Debug;
		};
		1B79436B1A8F375400197FF3 /* Release */ = {
			isa = XCBuildConfiguration;
			buildSettings = {
				BUNDLE_LOADER = "$(TEST_HOST)";
				COMBINE_HIDPI_IMAGES = YES;
				FRAMEWORK_SEARCH_PATHS = (
					"$(DEVELOPER_FRAMEWORKS_DIR)",
					"$(inherited)",
				);
				INFOPLIST_FILE = MixMacTests/Info.plist;
				LD_RUNPATH_SEARCH_PATHS = "$(inherited) @executable_path/../Frameworks @loader_path/../Frameworks";
				PRODUCT_BUNDLE_IDENTIFIER = "geomatix.cz.$(PRODUCT_NAME:rfc1034identifier)";
				PRODUCT_NAME = "$(TARGET_NAME)";
				TEST_HOST = "$(BUILT_PRODUCTS_DIR)/MixMac.app/Contents/MacOS/MixMac";
			};
			name = Release;
		};
/* End XCBuildConfiguration section */

/* Begin XCConfigurationList section */
		1B79433E1A8F375400197FF3 /* Build configuration list for PBXProject "MixMac" */ = {
			isa = XCConfigurationList;
			buildConfigurations = (
				1B7943641A8F375400197FF3 /* Debug */,
				1B7943651A8F375400197FF3 /* Release */,
			);
			defaultConfigurationIsVisible = 0;
			defaultConfigurationName = Release;
		};
		1B7943661A8F375400197FF3 /* Build configuration list for PBXNativeTarget "MixMac" */ = {
			isa = XCConfigurationList;
			buildConfigurations = (
				1B7943671A8F375400197FF3 /* Debug */,
				1B7943681A8F375400197FF3 /* Release */,
			);
			defaultConfigurationIsVisible = 0;
			defaultConfigurationName = Release;
		};
		1B7943691A8F375400197FF3 /* Build configuration list for PBXNativeTarget "MixMacTests" */ = {
			isa = XCConfigurationList;
			buildConfigurations = (
				1B79436A1A8F375400197FF3 /* Debug */,
				1B79436B1A8F375400197FF3 /* Release */,
			);
			defaultConfigurationIsVisible = 0;
			defaultConfigurationName = Release;
		};
/* End XCConfigurationList section */

/* Begin XCVersionGroup section */
		321C3FCA21E795770031343A /* MixMac.xcdatamodeld */ = {
			isa = XCVersionGroup;
			children = (
				321C3FCB21E795770031343A /* MixMac.xcdatamodel */,
			);
			currentVersion = 321C3FCB21E795770031343A /* MixMac.xcdatamodel */;
			path = MixMac.xcdatamodeld;
			sourceTree = "<group>";
			versionGroupType = wrapper.xcdatamodel;
		};
/* End XCVersionGroup section */
	};
	rootObject = 1B79433B1A8F375400197FF3 /* Project object */;
}
